// !$*UTF8*$!
{
	archiveVersion = 1;
	classes = {
	};
	objectVersion = 51;
	objects = {

/* Begin PBXBuildFile section */
		7AED6F372CF46030B9952847 /* Pods_SwiftGithubIssuesAppTests.framework in Frameworks */ = {isa = PBXBuildFile; fileRef = 5D1F642F30ABB6DC276CE5D3 /* Pods_SwiftGithubIssuesAppTests.framework */; };
		A726F3C023D381CC00DD8A07 /* IssuesViewModelSpecs.swift in Sources */ = {isa = PBXBuildFile; fileRef = A726F3BF23D381CC00DD8A07 /* IssuesViewModelSpecs.swift */; };
		A726F3C223D3837800DD8A07 /* IssuesViewModel.swift in Sources */ = {isa = PBXBuildFile; fileRef = A726F3C123D3837800DD8A07 /* IssuesViewModel.swift */; };
		A726F3C623D3856D00DD8A07 /* GithubIssuesAPI.swift in Sources */ = {isa = PBXBuildFile; fileRef = A726F3C523D3856D00DD8A07 /* GithubIssuesAPI.swift */; };
		A726F3CB23D38DBD00DD8A07 /* GithubIssuesApiSpecs.swift in Sources */ = {isa = PBXBuildFile; fileRef = A726F3CA23D38DBD00DD8A07 /* GithubIssuesApiSpecs.swift */; };
		A726F3CC23D3943C00DD8A07 /* issues.json in Resources */ = {isa = PBXBuildFile; fileRef = A726F3C723D38C4F00DD8A07 /* issues.json */; };
		A726F3CE23D3985B00DD8A07 /* Issue.swift in Sources */ = {isa = PBXBuildFile; fileRef = A726F3CD23D3985B00DD8A07 /* Issue.swift */; };
		A75BD5A423D376FE002FE2CC /* AppDelegate.swift in Sources */ = {isa = PBXBuildFile; fileRef = A75BD5A323D376FE002FE2CC /* AppDelegate.swift */; };
		A75BD5A623D376FE002FE2CC /* SceneDelegate.swift in Sources */ = {isa = PBXBuildFile; fileRef = A75BD5A523D376FE002FE2CC /* SceneDelegate.swift */; };
		A75BD5AD23D37700002FE2CC /* Assets.xcassets in Resources */ = {isa = PBXBuildFile; fileRef = A75BD5AC23D37700002FE2CC /* Assets.xcassets */; };
		A75BD5B023D37700002FE2CC /* LaunchScreen.storyboard in Resources */ = {isa = PBXBuildFile; fileRef = A75BD5AE23D37700002FE2CC /* LaunchScreen.storyboard */; };
		A75BD5BB23D37700002FE2CC /* SwiftGithubIssuesAppTests.swift in Sources */ = {isa = PBXBuildFile; fileRef = A75BD5BA23D37700002FE2CC /* SwiftGithubIssuesAppTests.swift */; };
		A7DF303423D3B37200C617DB /* IssueTableViewCell.swift in Sources */ = {isa = PBXBuildFile; fileRef = A7DF303223D3B37200C617DB /* IssueTableViewCell.swift */; };
		A7DF303523D3B37200C617DB /* IssueTableViewCell.xib in Resources */ = {isa = PBXBuildFile; fileRef = A7DF303323D3B37200C617DB /* IssueTableViewCell.xib */; };
		A7DF303723D3D9AF00C617DB /* IssueDetailViewModel.swift in Sources */ = {isa = PBXBuildFile; fileRef = A7DF303623D3D9AF00C617DB /* IssueDetailViewModel.swift */; };
		A7DF303D23D3F73000C617DB /* ImageLoader.swift in Sources */ = {isa = PBXBuildFile; fileRef = A7DF303C23D3F73000C617DB /* ImageLoader.swift */; };
		A7DF303F23D3F8A900C617DB /* ImageDownloaderAPI.swift in Sources */ = {isa = PBXBuildFile; fileRef = A7DF303E23D3F8A900C617DB /* ImageDownloaderAPI.swift */; };
		A7DF304223D406B700C617DB /* ImageLoaderSpecs.swift in Sources */ = {isa = PBXBuildFile; fileRef = A7DF304123D406B700C617DB /* ImageLoaderSpecs.swift */; };
		A7DF304423D40D8200C617DB /* IssuesDetailViewModelSpecs.swift in Sources */ = {isa = PBXBuildFile; fileRef = A7DF304323D40D8200C617DB /* IssuesDetailViewModelSpecs.swift */; };
		A7DF304823D4D98700C617DB /* FakeData.swift in Sources */ = {isa = PBXBuildFile; fileRef = A7DF304723D4D98700C617DB /* FakeData.swift */; };
		A7DF304B23D4FA2400C617DB /* Coordinator.swift in Sources */ = {isa = PBXBuildFile; fileRef = A7DF304A23D4FA2400C617DB /* Coordinator.swift */; };
		A7DF304D23D4FEE400C617DB /* AppCoordinator.swift in Sources */ = {isa = PBXBuildFile; fileRef = A7DF304C23D4FEE400C617DB /* AppCoordinator.swift */; };
		A7DF305223D502F200C617DB /* MyIssuesViewController.swift in Sources */ = {isa = PBXBuildFile; fileRef = A7DF305023D502F200C617DB /* MyIssuesViewController.swift */; };
		A7DF305323D502F200C617DB /* MyIssuesViewController.xib in Resources */ = {isa = PBXBuildFile; fileRef = A7DF305123D502F200C617DB /* MyIssuesViewController.xib */; };
		A7DF305523D5134C00C617DB /* IssueDetailCoordinator.swift in Sources */ = {isa = PBXBuildFile; fileRef = A7DF305423D5134C00C617DB /* IssueDetailCoordinator.swift */; };
		A7DF306223D55DA400C617DB /* MyIssueDetailViewController.swift in Sources */ = {isa = PBXBuildFile; fileRef = A7DF306023D55DA400C617DB /* MyIssueDetailViewController.swift */; };
		A7DF306323D55DA400C617DB /* MyIssueDetailViewController.xib in Resources */ = {isa = PBXBuildFile; fileRef = A7DF306123D55DA400C617DB /* MyIssueDetailViewController.xib */; };
		ADD86CB4AC138DA84532B25C /* Pods_SwiftGithubIssuesApp.framework in Frameworks */ = {isa = PBXBuildFile; fileRef = B2E1A09E469A5D15429F7D87 /* Pods_SwiftGithubIssuesApp.framework */; };
/* End PBXBuildFile section */

/* Begin PBXContainerItemProxy section */
		A75BD5B723D37700002FE2CC /* PBXContainerItemProxy */ = {
			isa = PBXContainerItemProxy;
			containerPortal = A75BD59823D376FE002FE2CC /* Project object */;
			proxyType = 1;
			remoteGlobalIDString = A75BD59F23D376FE002FE2CC;
			remoteInfo = SwiftGithubIssuesApp;
		};
/* End PBXContainerItemProxy section */

/* Begin PBXFileReference section */
		5D1F642F30ABB6DC276CE5D3 /* Pods_SwiftGithubIssuesAppTests.framework */ = {isa = PBXFileReference; explicitFileType = wrapper.framework; includeInIndex = 0; path = Pods_SwiftGithubIssuesAppTests.framework; sourceTree = BUILT_PRODUCTS_DIR; };
		969ABF09727F81251B890F0D /* Pods-SwiftGithubIssuesApp.release.xcconfig */ = {isa = PBXFileReference; includeInIndex = 1; lastKnownFileType = text.xcconfig; name = "Pods-SwiftGithubIssuesApp.release.xcconfig"; path = "Target Support Files/Pods-SwiftGithubIssuesApp/Pods-SwiftGithubIssuesApp.release.xcconfig"; sourceTree = "<group>"; };
		A726F3BF23D381CC00DD8A07 /* IssuesViewModelSpecs.swift */ = {isa = PBXFileReference; lastKnownFileType = sourcecode.swift; path = IssuesViewModelSpecs.swift; sourceTree = "<group>"; };
		A726F3C123D3837800DD8A07 /* IssuesViewModel.swift */ = {isa = PBXFileReference; lastKnownFileType = sourcecode.swift; path = IssuesViewModel.swift; sourceTree = "<group>"; };
		A726F3C523D3856D00DD8A07 /* GithubIssuesAPI.swift */ = {isa = PBXFileReference; lastKnownFileType = sourcecode.swift; path = GithubIssuesAPI.swift; sourceTree = "<group>"; };
		A726F3C723D38C4F00DD8A07 /* issues.json */ = {isa = PBXFileReference; lastKnownFileType = text.json; path = issues.json; sourceTree = "<group>"; };
		A726F3CA23D38DBD00DD8A07 /* GithubIssuesApiSpecs.swift */ = {isa = PBXFileReference; lastKnownFileType = sourcecode.swift; path = GithubIssuesApiSpecs.swift; sourceTree = "<group>"; };
		A726F3CD23D3985B00DD8A07 /* Issue.swift */ = {isa = PBXFileReference; lastKnownFileType = sourcecode.swift; path = Issue.swift; sourceTree = "<group>"; };
		A75BD5A023D376FE002FE2CC /* SwiftGithubIssuesApp.app */ = {isa = PBXFileReference; explicitFileType = wrapper.application; includeInIndex = 0; path = SwiftGithubIssuesApp.app; sourceTree = BUILT_PRODUCTS_DIR; };
		A75BD5A323D376FE002FE2CC /* AppDelegate.swift */ = {isa = PBXFileReference; lastKnownFileType = sourcecode.swift; path = AppDelegate.swift; sourceTree = "<group>"; };
		A75BD5A523D376FE002FE2CC /* SceneDelegate.swift */ = {isa = PBXFileReference; lastKnownFileType = sourcecode.swift; path = SceneDelegate.swift; sourceTree = "<group>"; };
		A75BD5AC23D37700002FE2CC /* Assets.xcassets */ = {isa = PBXFileReference; lastKnownFileType = folder.assetcatalog; path = Assets.xcassets; sourceTree = "<group>"; };
		A75BD5AF23D37700002FE2CC /* Base */ = {isa = PBXFileReference; lastKnownFileType = file.storyboard; name = Base; path = Base.lproj/LaunchScreen.storyboard; sourceTree = "<group>"; };
		A75BD5B123D37700002FE2CC /* Info.plist */ = {isa = PBXFileReference; lastKnownFileType = text.plist.xml; path = Info.plist; sourceTree = "<group>"; };
		A75BD5B623D37700002FE2CC /* SwiftGithubIssuesAppTests.xctest */ = {isa = PBXFileReference; explicitFileType = wrapper.cfbundle; includeInIndex = 0; path = SwiftGithubIssuesAppTests.xctest; sourceTree = BUILT_PRODUCTS_DIR; };
		A75BD5BA23D37700002FE2CC /* SwiftGithubIssuesAppTests.swift */ = {isa = PBXFileReference; lastKnownFileType = sourcecode.swift; path = SwiftGithubIssuesAppTests.swift; sourceTree = "<group>"; };
		A75BD5BC23D37700002FE2CC /* Info.plist */ = {isa = PBXFileReference; lastKnownFileType = text.plist.xml; path = Info.plist; sourceTree = "<group>"; };
		A7DF303223D3B37200C617DB /* IssueTableViewCell.swift */ = {isa = PBXFileReference; lastKnownFileType = sourcecode.swift; path = IssueTableViewCell.swift; sourceTree = "<group>"; };
		A7DF303323D3B37200C617DB /* IssueTableViewCell.xib */ = {isa = PBXFileReference; lastKnownFileType = file.xib; path = IssueTableViewCell.xib; sourceTree = "<group>"; };
		A7DF303623D3D9AF00C617DB /* IssueDetailViewModel.swift */ = {isa = PBXFileReference; lastKnownFileType = sourcecode.swift; path = IssueDetailViewModel.swift; sourceTree = "<group>"; };
		A7DF303C23D3F73000C617DB /* ImageLoader.swift */ = {isa = PBXFileReference; lastKnownFileType = sourcecode.swift; path = ImageLoader.swift; sourceTree = "<group>"; };
		A7DF303E23D3F8A900C617DB /* ImageDownloaderAPI.swift */ = {isa = PBXFileReference; lastKnownFileType = sourcecode.swift; path = ImageDownloaderAPI.swift; sourceTree = "<group>"; };
		A7DF304123D406B700C617DB /* ImageLoaderSpecs.swift */ = {isa = PBXFileReference; lastKnownFileType = sourcecode.swift; path = ImageLoaderSpecs.swift; sourceTree = "<group>"; };
		A7DF304323D40D8200C617DB /* IssuesDetailViewModelSpecs.swift */ = {isa = PBXFileReference; lastKnownFileType = sourcecode.swift; path = IssuesDetailViewModelSpecs.swift; sourceTree = "<group>"; };
		A7DF304723D4D98700C617DB /* FakeData.swift */ = {isa = PBXFileReference; lastKnownFileType = sourcecode.swift; path = FakeData.swift; sourceTree = "<group>"; };
		A7DF304A23D4FA2400C617DB /* Coordinator.swift */ = {isa = PBXFileReference; lastKnownFileType = sourcecode.swift; path = Coordinator.swift; sourceTree = "<group>"; };
		A7DF304C23D4FEE400C617DB /* AppCoordinator.swift */ = {isa = PBXFileReference; lastKnownFileType = sourcecode.swift; path = AppCoordinator.swift; sourceTree = "<group>"; };
		A7DF305023D502F200C617DB /* MyIssuesViewController.swift */ = {isa = PBXFileReference; lastKnownFileType = sourcecode.swift; path = MyIssuesViewController.swift; sourceTree = "<group>"; };
		A7DF305123D502F200C617DB /* MyIssuesViewController.xib */ = {isa = PBXFileReference; lastKnownFileType = file.xib; path = MyIssuesViewController.xib; sourceTree = "<group>"; };
		A7DF305423D5134C00C617DB /* IssueDetailCoordinator.swift */ = {isa = PBXFileReference; lastKnownFileType = sourcecode.swift; path = IssueDetailCoordinator.swift; sourceTree = "<group>"; };
		A7DF306023D55DA400C617DB /* MyIssueDetailViewController.swift */ = {isa = PBXFileReference; lastKnownFileType = sourcecode.swift; path = MyIssueDetailViewController.swift; sourceTree = "<group>"; };
		A7DF306123D55DA400C617DB /* MyIssueDetailViewController.xib */ = {isa = PBXFileReference; lastKnownFileType = file.xib; path = MyIssueDetailViewController.xib; sourceTree = "<group>"; };
		B2E1A09E469A5D15429F7D87 /* Pods_SwiftGithubIssuesApp.framework */ = {isa = PBXFileReference; explicitFileType = wrapper.framework; includeInIndex = 0; path = Pods_SwiftGithubIssuesApp.framework; sourceTree = BUILT_PRODUCTS_DIR; };
		B753796A1049611125D29256 /* Pods-SwiftGithubIssuesAppTests.debug.xcconfig */ = {isa = PBXFileReference; includeInIndex = 1; lastKnownFileType = text.xcconfig; name = "Pods-SwiftGithubIssuesAppTests.debug.xcconfig"; path = "Target Support Files/Pods-SwiftGithubIssuesAppTests/Pods-SwiftGithubIssuesAppTests.debug.xcconfig"; sourceTree = "<group>"; };
		E6B8C23BC008E58BEF598ACD /* Pods-SwiftGithubIssuesApp.debug.xcconfig */ = {isa = PBXFileReference; includeInIndex = 1; lastKnownFileType = text.xcconfig; name = "Pods-SwiftGithubIssuesApp.debug.xcconfig"; path = "Target Support Files/Pods-SwiftGithubIssuesApp/Pods-SwiftGithubIssuesApp.debug.xcconfig"; sourceTree = "<group>"; };
		EBE07F4C051B7F596CF6A37E /* Pods-SwiftGithubIssuesAppTests.release.xcconfig */ = {isa = PBXFileReference; includeInIndex = 1; lastKnownFileType = text.xcconfig; name = "Pods-SwiftGithubIssuesAppTests.release.xcconfig"; path = "Target Support Files/Pods-SwiftGithubIssuesAppTests/Pods-SwiftGithubIssuesAppTests.release.xcconfig"; sourceTree = "<group>"; };
/* End PBXFileReference section */

/* Begin PBXFrameworksBuildPhase section */
		A75BD59D23D376FE002FE2CC /* Frameworks */ = {
			isa = PBXFrameworksBuildPhase;
			buildActionMask = 2147483647;
			files = (
				ADD86CB4AC138DA84532B25C /* Pods_SwiftGithubIssuesApp.framework in Frameworks */,
			);
			runOnlyForDeploymentPostprocessing = 0;
		};
		A75BD5B323D37700002FE2CC /* Frameworks */ = {
			isa = PBXFrameworksBuildPhase;
			buildActionMask = 2147483647;
			files = (
				7AED6F372CF46030B9952847 /* Pods_SwiftGithubIssuesAppTests.framework in Frameworks */,
			);
			runOnlyForDeploymentPostprocessing = 0;
		};
/* End PBXFrameworksBuildPhase section */

/* Begin PBXGroup section */
		4FFA020B48D0AE4D51E7E351 /* Pods */ = {
			isa = PBXGroup;
			children = (
				E6B8C23BC008E58BEF598ACD /* Pods-SwiftGithubIssuesApp.debug.xcconfig */,
				969ABF09727F81251B890F0D /* Pods-SwiftGithubIssuesApp.release.xcconfig */,
				B753796A1049611125D29256 /* Pods-SwiftGithubIssuesAppTests.debug.xcconfig */,
				EBE07F4C051B7F596CF6A37E /* Pods-SwiftGithubIssuesAppTests.release.xcconfig */,
			);
			path = Pods;
			sourceTree = "<group>";
		};
		A726F3B523D37D7100DD8A07 /* View */ = {
			isa = PBXGroup;
			children = (
				A7DF305023D502F200C617DB /* MyIssuesViewController.swift */,
				A7DF306023D55DA400C617DB /* MyIssueDetailViewController.swift */,
				A7DF303223D3B37200C617DB /* IssueTableViewCell.swift */,
				A7DF303123D3B34E00C617DB /* xibs */,
			);
			path = View;
			sourceTree = "<group>";
		};
		A726F3B723D37D9200DD8A07 /* Support */ = {
			isa = PBXGroup;
			children = (
				A726F3C723D38C4F00DD8A07 /* issues.json */,
				A75BD5A323D376FE002FE2CC /* AppDelegate.swift */,
				A75BD5A523D376FE002FE2CC /* SceneDelegate.swift */,
			);
			path = Support;
			sourceTree = "<group>";
		};
		A726F3B823D37DA400DD8A07 /* Model */ = {
			isa = PBXGroup;
			children = (
				A726F3CD23D3985B00DD8A07 /* Issue.swift */,
			);
			path = Model;
			sourceTree = "<group>";
		};
		A726F3B923D37DAC00DD8A07 /* ViewModel */ = {
			isa = PBXGroup;
			children = (
				A726F3C123D3837800DD8A07 /* IssuesViewModel.swift */,
				A7DF303623D3D9AF00C617DB /* IssueDetailViewModel.swift */,
			);
			path = ViewModel;
			sourceTree = "<group>";
		};
		A726F3BE23D3817800DD8A07 /* ViewModelTests */ = {
			isa = PBXGroup;
			children = (
				A726F3BF23D381CC00DD8A07 /* IssuesViewModelSpecs.swift */,
				A7DF304323D40D8200C617DB /* IssuesDetailViewModelSpecs.swift */,
				A7DF304723D4D98700C617DB /* FakeData.swift */,
			);
			path = ViewModelTests;
			sourceTree = "<group>";
		};
		A726F3C323D3854700DD8A07 /* Network */ = {
			isa = PBXGroup;
			children = (
				A726F3CF23D399FE00DD8A07 /* Service */,
				A726F3C423D3855000DD8A07 /* API */,
			);
			path = Network;
			sourceTree = "<group>";
		};
		A726F3C423D3855000DD8A07 /* API */ = {
			isa = PBXGroup;
			children = (
				A726F3C523D3856D00DD8A07 /* GithubIssuesAPI.swift */,
				A7DF303E23D3F8A900C617DB /* ImageDownloaderAPI.swift */,
			);
			path = API;
			sourceTree = "<group>";
		};
		A726F3C923D38DA100DD8A07 /* IssuesApiTests */ = {
			isa = PBXGroup;
			children = (
				A726F3CA23D38DBD00DD8A07 /* GithubIssuesApiSpecs.swift */,
			);
			path = IssuesApiTests;
			sourceTree = "<group>";
		};
		A726F3CF23D399FE00DD8A07 /* Service */ = {
			isa = PBXGroup;
			children = (
				A7DF303C23D3F73000C617DB /* ImageLoader.swift */,
			);
			path = Service;
			sourceTree = "<group>";
		};
		A75BD59723D376FE002FE2CC = {
			isa = PBXGroup;
			children = (
				A75BD5A223D376FE002FE2CC /* SwiftGithubIssuesApp */,
				A75BD5B923D37700002FE2CC /* SwiftGithubIssuesAppTests */,
				A75BD5A123D376FE002FE2CC /* Products */,
				4FFA020B48D0AE4D51E7E351 /* Pods */,
				DFD2585A0D4D57EC6760FC6D /* Frameworks */,
			);
			sourceTree = "<group>";
		};
		A75BD5A123D376FE002FE2CC /* Products */ = {
			isa = PBXGroup;
			children = (
				A75BD5A023D376FE002FE2CC /* SwiftGithubIssuesApp.app */,
				A75BD5B623D37700002FE2CC /* SwiftGithubIssuesAppTests.xctest */,
			);
			name = Products;
			sourceTree = "<group>";
		};
		A75BD5A223D376FE002FE2CC /* SwiftGithubIssuesApp */ = {
			isa = PBXGroup;
			children = (
				A7DF304923D4FA0A00C617DB /* Coordinator */,
				A726F3C323D3854700DD8A07 /* Network */,
				A726F3B823D37DA400DD8A07 /* Model */,
				A726F3B523D37D7100DD8A07 /* View */,
				A726F3B923D37DAC00DD8A07 /* ViewModel */,
				A726F3B723D37D9200DD8A07 /* Support */,
				A75BD5AC23D37700002FE2CC /* Assets.xcassets */,
				A75BD5AE23D37700002FE2CC /* LaunchScreen.storyboard */,
				A75BD5B123D37700002FE2CC /* Info.plist */,
			);
			path = SwiftGithubIssuesApp;
			sourceTree = "<group>";
		};
		A75BD5B923D37700002FE2CC /* SwiftGithubIssuesAppTests */ = {
			isa = PBXGroup;
			children = (
				A7DF304023D4069700C617DB /* ImageLoaderTests */,
				A726F3C923D38DA100DD8A07 /* IssuesApiTests */,
				A726F3BE23D3817800DD8A07 /* ViewModelTests */,
				A75BD5BA23D37700002FE2CC /* SwiftGithubIssuesAppTests.swift */,
				A75BD5BC23D37700002FE2CC /* Info.plist */,
			);
			path = SwiftGithubIssuesAppTests;
			sourceTree = "<group>";
		};
		A7DF303123D3B34E00C617DB /* xibs */ = {
			isa = PBXGroup;
			children = (
				A7DF305123D502F200C617DB /* MyIssuesViewController.xib */,
				A7DF303323D3B37200C617DB /* IssueTableViewCell.xib */,
				A7DF306123D55DA400C617DB /* MyIssueDetailViewController.xib */,
			);
			path = xibs;
			sourceTree = "<group>";
		};
		A7DF304023D4069700C617DB /* ImageLoaderTests */ = {
			isa = PBXGroup;
			children = (
				A7DF304123D406B700C617DB /* ImageLoaderSpecs.swift */,
			);
			path = ImageLoaderTests;
			sourceTree = "<group>";
		};
		A7DF304923D4FA0A00C617DB /* Coordinator */ = {
			isa = PBXGroup;
			children = (
				A7DF304A23D4FA2400C617DB /* Coordinator.swift */,
				A7DF304C23D4FEE400C617DB /* AppCoordinator.swift */,
				A7DF305423D5134C00C617DB /* IssueDetailCoordinator.swift */,
			);
			path = Coordinator;
			sourceTree = "<group>";
		};
		DFD2585A0D4D57EC6760FC6D /* Frameworks */ = {
			isa = PBXGroup;
			children = (
				B2E1A09E469A5D15429F7D87 /* Pods_SwiftGithubIssuesApp.framework */,
				5D1F642F30ABB6DC276CE5D3 /* Pods_SwiftGithubIssuesAppTests.framework */,
			);
			name = Frameworks;
			sourceTree = "<group>";
		};
/* End PBXGroup section */

/* Begin PBXNativeTarget section */
		A75BD59F23D376FE002FE2CC /* SwiftGithubIssuesApp */ = {
			isa = PBXNativeTarget;
			buildConfigurationList = A75BD5BF23D37700002FE2CC /* Build configuration list for PBXNativeTarget "SwiftGithubIssuesApp" */;
			buildPhases = (
				27871F6382DAE882FDDFA678 /* [CP] Check Pods Manifest.lock */,
				A75BD59C23D376FE002FE2CC /* Sources */,
				A75BD59D23D376FE002FE2CC /* Frameworks */,
				A75BD59E23D376FE002FE2CC /* Resources */,
				D03499FEF8DBDA40D3BF14FE /* [CP] Embed Pods Frameworks */,
			);
			buildRules = (
			);
			dependencies = (
			);
			name = SwiftGithubIssuesApp;
			productName = SwiftGithubIssuesApp;
			productReference = A75BD5A023D376FE002FE2CC /* SwiftGithubIssuesApp.app */;
			productType = "com.apple.product-type.application";
		};
		A75BD5B523D37700002FE2CC /* SwiftGithubIssuesAppTests */ = {
			isa = PBXNativeTarget;
			buildConfigurationList = A75BD5C223D37700002FE2CC /* Build configuration list for PBXNativeTarget "SwiftGithubIssuesAppTests" */;
			buildPhases = (
				FA78C1B813DFDD7CD5FA139C /* [CP] Check Pods Manifest.lock */,
				A75BD5B223D37700002FE2CC /* Sources */,
				A75BD5B323D37700002FE2CC /* Frameworks */,
				A75BD5B423D37700002FE2CC /* Resources */,
				EB51D8436F49C940917FFD5B /* [CP] Embed Pods Frameworks */,
			);
			buildRules = (
			);
			dependencies = (
				A75BD5B823D37700002FE2CC /* PBXTargetDependency */,
			);
			name = SwiftGithubIssuesAppTests;
			productName = SwiftGithubIssuesAppTests;
			productReference = A75BD5B623D37700002FE2CC /* SwiftGithubIssuesAppTests.xctest */;
			productType = "com.apple.product-type.bundle.unit-test";
		};
/* End PBXNativeTarget section */

/* Begin PBXProject section */
		A75BD59823D376FE002FE2CC /* Project object */ = {
			isa = PBXProject;
			attributes = {
				LastSwiftUpdateCheck = 1120;
				LastUpgradeCheck = 1120;
				ORGANIZATIONNAME = Anderson;
				TargetAttributes = {
					A75BD59F23D376FE002FE2CC = {
						CreatedOnToolsVersion = 11.2.1;
					};
					A75BD5B523D37700002FE2CC = {
						CreatedOnToolsVersion = 11.2.1;
						TestTargetID = A75BD59F23D376FE002FE2CC;
					};
				};
			};
			buildConfigurationList = A75BD59B23D376FE002FE2CC /* Build configuration list for PBXProject "SwiftGithubIssuesApp" */;
			compatibilityVersion = "Xcode 9.3";
			developmentRegion = en;
			hasScannedForEncodings = 0;
			knownRegions = (
				en,
				Base,
			);
			mainGroup = A75BD59723D376FE002FE2CC;
			productRefGroup = A75BD5A123D376FE002FE2CC /* Products */;
			projectDirPath = "";
			projectRoot = "";
			targets = (
				A75BD59F23D376FE002FE2CC /* SwiftGithubIssuesApp */,
				A75BD5B523D37700002FE2CC /* SwiftGithubIssuesAppTests */,
			);
		};
/* End PBXProject section */

/* Begin PBXResourcesBuildPhase section */
		A75BD59E23D376FE002FE2CC /* Resources */ = {
			isa = PBXResourcesBuildPhase;
			buildActionMask = 2147483647;
			files = (
				A75BD5B023D37700002FE2CC /* LaunchScreen.storyboard in Resources */,
				A7DF306323D55DA400C617DB /* MyIssueDetailViewController.xib in Resources */,
				A7DF303523D3B37200C617DB /* IssueTableViewCell.xib in Resources */,
				A75BD5AD23D37700002FE2CC /* Assets.xcassets in Resources */,
				A7DF305323D502F200C617DB /* MyIssuesViewController.xib in Resources */,
				A726F3CC23D3943C00DD8A07 /* issues.json in Resources */,
			);
			runOnlyForDeploymentPostprocessing = 0;
		};
		A75BD5B423D37700002FE2CC /* Resources */ = {
			isa = PBXResourcesBuildPhase;
			buildActionMask = 2147483647;
			files = (
			);
			runOnlyForDeploymentPostprocessing = 0;
		};
/* End PBXResourcesBuildPhase section */

/* Begin PBXShellScriptBuildPhase section */
		27871F6382DAE882FDDFA678 /* [CP] Check Pods Manifest.lock */ = {
			isa = PBXShellScriptBuildPhase;
			buildActionMask = 2147483647;
			files = (
			);
			inputFileListPaths = (
			);
			inputPaths = (
				"${PODS_PODFILE_DIR_PATH}/Podfile.lock",
				"${PODS_ROOT}/Manifest.lock",
			);
			name = "[CP] Check Pods Manifest.lock";
			outputFileListPaths = (
			);
			outputPaths = (
				"$(DERIVED_FILE_DIR)/Pods-SwiftGithubIssuesApp-checkManifestLockResult.txt",
			);
			runOnlyForDeploymentPostprocessing = 0;
			shellPath = /bin/sh;
			shellScript = "diff \"${PODS_PODFILE_DIR_PATH}/Podfile.lock\" \"${PODS_ROOT}/Manifest.lock\" > /dev/null\nif [ $? != 0 ] ; then\n    # print error to STDERR\n    echo \"error: The sandbox is not in sync with the Podfile.lock. Run 'pod install' or update your CocoaPods installation.\" >&2\n    exit 1\nfi\n# This output is used by Xcode 'outputs' to avoid re-running this script phase.\necho \"SUCCESS\" > \"${SCRIPT_OUTPUT_FILE_0}\"\n";
			showEnvVarsInLog = 0;
		};
		D03499FEF8DBDA40D3BF14FE /* [CP] Embed Pods Frameworks */ = {
			isa = PBXShellScriptBuildPhase;
			buildActionMask = 2147483647;
			files = (
			);
			inputFileListPaths = (
				"${PODS_ROOT}/Target Support Files/Pods-SwiftGithubIssuesApp/Pods-SwiftGithubIssuesApp-frameworks-${CONFIGURATION}-input-files.xcfilelist",
			);
			name = "[CP] Embed Pods Frameworks";
			outputFileListPaths = (
				"${PODS_ROOT}/Target Support Files/Pods-SwiftGithubIssuesApp/Pods-SwiftGithubIssuesApp-frameworks-${CONFIGURATION}-output-files.xcfilelist",
			);
			runOnlyForDeploymentPostprocessing = 0;
			shellPath = /bin/sh;
			shellScript = "\"${PODS_ROOT}/Target Support Files/Pods-SwiftGithubIssuesApp/Pods-SwiftGithubIssuesApp-frameworks.sh\"\n";
			showEnvVarsInLog = 0;
		};
		EB51D8436F49C940917FFD5B /* [CP] Embed Pods Frameworks */ = {
			isa = PBXShellScriptBuildPhase;
			buildActionMask = 2147483647;
			files = (
			);
			inputFileListPaths = (
				"${PODS_ROOT}/Target Support Files/Pods-SwiftGithubIssuesAppTests/Pods-SwiftGithubIssuesAppTests-frameworks-${CONFIGURATION}-input-files.xcfilelist",
			);
			name = "[CP] Embed Pods Frameworks";
			outputFileListPaths = (
				"${PODS_ROOT}/Target Support Files/Pods-SwiftGithubIssuesAppTests/Pods-SwiftGithubIssuesAppTests-frameworks-${CONFIGURATION}-output-files.xcfilelist",
			);
			runOnlyForDeploymentPostprocessing = 0;
			shellPath = /bin/sh;
			shellScript = "\"${PODS_ROOT}/Target Support Files/Pods-SwiftGithubIssuesAppTests/Pods-SwiftGithubIssuesAppTests-frameworks.sh\"\n";
			showEnvVarsInLog = 0;
		};
		FA78C1B813DFDD7CD5FA139C /* [CP] Check Pods Manifest.lock */ = {
			isa = PBXShellScriptBuildPhase;
			buildActionMask = 2147483647;
			files = (
			);
			inputFileListPaths = (
			);
			inputPaths = (
				"${PODS_PODFILE_DIR_PATH}/Podfile.lock",
				"${PODS_ROOT}/Manifest.lock",
			);
			name = "[CP] Check Pods Manifest.lock";
			outputFileListPaths = (
			);
			outputPaths = (
				"$(DERIVED_FILE_DIR)/Pods-SwiftGithubIssuesAppTests-checkManifestLockResult.txt",
			);
			runOnlyForDeploymentPostprocessing = 0;
			shellPath = /bin/sh;
			shellScript = "diff \"${PODS_PODFILE_DIR_PATH}/Podfile.lock\" \"${PODS_ROOT}/Manifest.lock\" > /dev/null\nif [ $? != 0 ] ; then\n    # print error to STDERR\n    echo \"error: The sandbox is not in sync with the Podfile.lock. Run 'pod install' or update your CocoaPods installation.\" >&2\n    exit 1\nfi\n# This output is used by Xcode 'outputs' to avoid re-running this script phase.\necho \"SUCCESS\" > \"${SCRIPT_OUTPUT_FILE_0}\"\n";
			showEnvVarsInLog = 0;
		};
/* End PBXShellScriptBuildPhase section */

/* Begin PBXSourcesBuildPhase section */
		A75BD59C23D376FE002FE2CC /* Sources */ = {
			isa = PBXSourcesBuildPhase;
			buildActionMask = 2147483647;
			files = (
				A726F3C223D3837800DD8A07 /* IssuesViewModel.swift in Sources */,
				A7DF303423D3B37200C617DB /* IssueTableViewCell.swift in Sources */,
				A7DF304B23D4FA2400C617DB /* Coordinator.swift in Sources */,
				A726F3CE23D3985B00DD8A07 /* Issue.swift in Sources */,
				A7DF305223D502F200C617DB /* MyIssuesViewController.swift in Sources */,
				A7DF306223D55DA400C617DB /* MyIssueDetailViewController.swift in Sources */,
				A7DF304D23D4FEE400C617DB /* AppCoordinator.swift in Sources */,
				A75BD5A423D376FE002FE2CC /* AppDelegate.swift in Sources */,
				A75BD5A623D376FE002FE2CC /* SceneDelegate.swift in Sources */,
				A726F3C623D3856D00DD8A07 /* GithubIssuesAPI.swift in Sources */,
				A7DF305523D5134C00C617DB /* IssueDetailCoordinator.swift in Sources */,
				A7DF303F23D3F8A900C617DB /* ImageDownloaderAPI.swift in Sources */,
				A7DF303723D3D9AF00C617DB /* IssueDetailViewModel.swift in Sources */,
				A7DF303D23D3F73000C617DB /* ImageLoader.swift in Sources */,
			);
			runOnlyForDeploymentPostprocessing = 0;
		};
		A75BD5B223D37700002FE2CC /* Sources */ = {
			isa = PBXSourcesBuildPhase;
			buildActionMask = 2147483647;
			files = (
				A7DF304823D4D98700C617DB /* FakeData.swift in Sources */,
				A75BD5BB23D37700002FE2CC /* SwiftGithubIssuesAppTests.swift in Sources */,
				A7DF304223D406B700C617DB /* ImageLoaderSpecs.swift in Sources */,
				A7DF304423D40D8200C617DB /* IssuesDetailViewModelSpecs.swift in Sources */,
				A726F3C023D381CC00DD8A07 /* IssuesViewModelSpecs.swift in Sources */,
				A726F3CB23D38DBD00DD8A07 /* GithubIssuesApiSpecs.swift in Sources */,
			);
			runOnlyForDeploymentPostprocessing = 0;
		};
/* End PBXSourcesBuildPhase section */

/* Begin PBXTargetDependency section */
		A75BD5B823D37700002FE2CC /* PBXTargetDependency */ = {
			isa = PBXTargetDependency;
			target = A75BD59F23D376FE002FE2CC /* SwiftGithubIssuesApp */;
			targetProxy = A75BD5B723D37700002FE2CC /* PBXContainerItemProxy */;
		};
/* End PBXTargetDependency section */

/* Begin PBXVariantGroup section */
		A75BD5AE23D37700002FE2CC /* LaunchScreen.storyboard */ = {
			isa = PBXVariantGroup;
			children = (
				A75BD5AF23D37700002FE2CC /* Base */,
			);
			name = LaunchScreen.storyboard;
			sourceTree = "<group>";
		};
/* End PBXVariantGroup section */

/* Begin XCBuildConfiguration section */
		A75BD5BD23D37700002FE2CC /* Debug */ = {
			isa = XCBuildConfiguration;
			buildSettings = {
				ALWAYS_SEARCH_USER_PATHS = NO;
				CLANG_ANALYZER_NONNULL = YES;
				CLANG_ANALYZER_NUMBER_OBJECT_CONVERSION = YES_AGGRESSIVE;
				CLANG_CXX_LANGUAGE_STANDARD = "gnu++14";
				CLANG_CXX_LIBRARY = "libc++";
				CLANG_ENABLE_MODULES = YES;
				CLANG_ENABLE_OBJC_ARC = YES;
				CLANG_ENABLE_OBJC_WEAK = YES;
				CLANG_WARN_BLOCK_CAPTURE_AUTORELEASING = YES;
				CLANG_WARN_BOOL_CONVERSION = YES;
				CLANG_WARN_COMMA = YES;
				CLANG_WARN_CONSTANT_CONVERSION = YES;
				CLANG_WARN_DEPRECATED_OBJC_IMPLEMENTATIONS = YES;
				CLANG_WARN_DIRECT_OBJC_ISA_USAGE = YES_ERROR;
				CLANG_WARN_DOCUMENTATION_COMMENTS = YES;
				CLANG_WARN_EMPTY_BODY = YES;
				CLANG_WARN_ENUM_CONVERSION = YES;
				CLANG_WARN_INFINITE_RECURSION = YES;
				CLANG_WARN_INT_CONVERSION = YES;
				CLANG_WARN_NON_LITERAL_NULL_CONVERSION = YES;
				CLANG_WARN_OBJC_IMPLICIT_RETAIN_SELF = YES;
				CLANG_WARN_OBJC_LITERAL_CONVERSION = YES;
				CLANG_WARN_OBJC_ROOT_CLASS = YES_ERROR;
				CLANG_WARN_RANGE_LOOP_ANALYSIS = YES;
				CLANG_WARN_STRICT_PROTOTYPES = YES;
				CLANG_WARN_SUSPICIOUS_MOVE = YES;
				CLANG_WARN_UNGUARDED_AVAILABILITY = YES_AGGRESSIVE;
				CLANG_WARN_UNREACHABLE_CODE = YES;
				CLANG_WARN__DUPLICATE_METHOD_MATCH = YES;
				COPY_PHASE_STRIP = NO;
				DEBUG_INFORMATION_FORMAT = dwarf;
				ENABLE_STRICT_OBJC_MSGSEND = YES;
				ENABLE_TESTABILITY = YES;
				GCC_C_LANGUAGE_STANDARD = gnu11;
				GCC_DYNAMIC_NO_PIC = NO;
				GCC_NO_COMMON_BLOCKS = YES;
				GCC_OPTIMIZATION_LEVEL = 0;
				GCC_PREPROCESSOR_DEFINITIONS = (
					"DEBUG=1",
					"$(inherited)",
				);
				GCC_WARN_64_TO_32_BIT_CONVERSION = YES;
				GCC_WARN_ABOUT_RETURN_TYPE = YES_ERROR;
				GCC_WARN_UNDECLARED_SELECTOR = YES;
				GCC_WARN_UNINITIALIZED_AUTOS = YES_AGGRESSIVE;
				GCC_WARN_UNUSED_FUNCTION = YES;
				GCC_WARN_UNUSED_VARIABLE = YES;
				IPHONEOS_DEPLOYMENT_TARGET = 13.2;
				MTL_ENABLE_DEBUG_INFO = INCLUDE_SOURCE;
				MTL_FAST_MATH = YES;
				ONLY_ACTIVE_ARCH = YES;
				SDKROOT = iphoneos;
				SWIFT_ACTIVE_COMPILATION_CONDITIONS = DEBUG;
				SWIFT_OPTIMIZATION_LEVEL = "-Onone";
			};
			name = Debug;
		};
		A75BD5BE23D37700002FE2CC /* Release */ = {
			isa = XCBuildConfiguration;
			buildSettings = {
				ALWAYS_SEARCH_USER_PATHS = NO;
				CLANG_ANALYZER_NONNULL = YES;
				CLANG_ANALYZER_NUMBER_OBJECT_CONVERSION = YES_AGGRESSIVE;
				CLANG_CXX_LANGUAGE_STANDARD = "gnu++14";
				CLANG_CXX_LIBRARY = "libc++";
				CLANG_ENABLE_MODULES = YES;
				CLANG_ENABLE_OBJC_ARC = YES;
				CLANG_ENABLE_OBJC_WEAK = YES;
				CLANG_WARN_BLOCK_CAPTURE_AUTORELEASING = YES;
				CLANG_WARN_BOOL_CONVERSION = YES;
				CLANG_WARN_COMMA = YES;
				CLANG_WARN_CONSTANT_CONVERSION = YES;
				CLANG_WARN_DEPRECATED_OBJC_IMPLEMENTATIONS = YES;
				CLANG_WARN_DIRECT_OBJC_ISA_USAGE = YES_ERROR;
				CLANG_WARN_DOCUMENTATION_COMMENTS = YES;
				CLANG_WARN_EMPTY_BODY = YES;
				CLANG_WARN_ENUM_CONVERSION = YES;
				CLANG_WARN_INFINITE_RECURSION = YES;
				CLANG_WARN_INT_CONVERSION = YES;
				CLANG_WARN_NON_LITERAL_NULL_CONVERSION = YES;
				CLANG_WARN_OBJC_IMPLICIT_RETAIN_SELF = YES;
				CLANG_WARN_OBJC_LITERAL_CONVERSION = YES;
				CLANG_WARN_OBJC_ROOT_CLASS = YES_ERROR;
				CLANG_WARN_RANGE_LOOP_ANALYSIS = YES;
				CLANG_WARN_STRICT_PROTOTYPES = YES;
				CLANG_WARN_SUSPICIOUS_MOVE = YES;
				CLANG_WARN_UNGUARDED_AVAILABILITY = YES_AGGRESSIVE;
				CLANG_WARN_UNREACHABLE_CODE = YES;
				CLANG_WARN__DUPLICATE_METHOD_MATCH = YES;
				COPY_PHASE_STRIP = NO;
				DEBUG_INFORMATION_FORMAT = "dwarf-with-dsym";
				ENABLE_NS_ASSERTIONS = NO;
				ENABLE_STRICT_OBJC_MSGSEND = YES;
				GCC_C_LANGUAGE_STANDARD = gnu11;
				GCC_NO_COMMON_BLOCKS = YES;
				GCC_WARN_64_TO_32_BIT_CONVERSION = YES;
				GCC_WARN_ABOUT_RETURN_TYPE = YES_ERROR;
				GCC_WARN_UNDECLARED_SELECTOR = YES;
				GCC_WARN_UNINITIALIZED_AUTOS = YES_AGGRESSIVE;
				GCC_WARN_UNUSED_FUNCTION = YES;
				GCC_WARN_UNUSED_VARIABLE = YES;
				IPHONEOS_DEPLOYMENT_TARGET = 13.2;
				MTL_ENABLE_DEBUG_INFO = NO;
				MTL_FAST_MATH = YES;
				SDKROOT = iphoneos;
				SWIFT_COMPILATION_MODE = wholemodule;
				SWIFT_OPTIMIZATION_LEVEL = "-O";
				VALIDATE_PRODUCT = YES;
			};
			name = Release;
		};
		A75BD5C023D37700002FE2CC /* Debug */ = {
			isa = XCBuildConfiguration;
			baseConfigurationReference = E6B8C23BC008E58BEF598ACD /* Pods-SwiftGithubIssuesApp.debug.xcconfig */;
			buildSettings = {
				ASSETCATALOG_COMPILER_APPICON_NAME = AppIcon;
				CODE_SIGN_STYLE = Automatic;
				DEVELOPMENT_TEAM = F229TZ6SP5;
				INFOPLIST_FILE = SwiftGithubIssuesApp/Info.plist;
				LD_RUNPATH_SEARCH_PATHS = (
					"$(inherited)",
					"@executable_path/Frameworks",
				);
				PRODUCT_BUNDLE_IDENTIFIER = andersonlentz.SwiftGithubIssuesApp;
				PRODUCT_NAME = "$(TARGET_NAME)";
				SWIFT_VERSION = 5.0;
				TARGETED_DEVICE_FAMILY = "1,2";
			};
			name = Debug;
		};
		A75BD5C123D37700002FE2CC /* Release */ = {
			isa = XCBuildConfiguration;
			baseConfigurationReference = 969ABF09727F81251B890F0D /* Pods-SwiftGithubIssuesApp.release.xcconfig */;
			buildSettings = {
				ASSETCATALOG_COMPILER_APPICON_NAME = AppIcon;
				CODE_SIGN_STYLE = Automatic;
				DEVELOPMENT_TEAM = F229TZ6SP5;
				INFOPLIST_FILE = SwiftGithubIssuesApp/Info.plist;
				LD_RUNPATH_SEARCH_PATHS = (
					"$(inherited)",
					"@executable_path/Frameworks",
				);
				PRODUCT_BUNDLE_IDENTIFIER = andersonlentz.SwiftGithubIssuesApp;
				PRODUCT_NAME = "$(TARGET_NAME)";
				SWIFT_VERSION = 5.0;
				TARGETED_DEVICE_FAMILY = "1,2";
			};
			name = Release;
		};
		A75BD5C323D37700002FE2CC /* Debug */ = {
			isa = XCBuildConfiguration;
			baseConfigurationReference = B753796A1049611125D29256 /* Pods-SwiftGithubIssuesAppTests.debug.xcconfig */;
			buildSettings = {
				ALWAYS_EMBED_SWIFT_STANDARD_LIBRARIES = YES;
				BUNDLE_LOADER = "$(TEST_HOST)";
				CODE_SIGN_STYLE = Automatic;
				DEVELOPMENT_TEAM = F229TZ6SP5;
				INFOPLIST_FILE = SwiftGithubIssuesAppTests/Info.plist;
				IPHONEOS_DEPLOYMENT_TARGET = 13.2;
				LD_RUNPATH_SEARCH_PATHS = (
					"$(inherited)",
					"@executable_path/Frameworks",
					"@loader_path/Frameworks",
				);
				PRODUCT_BUNDLE_IDENTIFIER = andersonlentz.SwiftGithubIssuesAppTests;
				PRODUCT_NAME = "$(TARGET_NAME)";
				SWIFT_VERSION = 5.0;
				TARGETED_DEVICE_FAMILY = "1,2";
				TEST_HOST = "$(BUILT_PRODUCTS_DIR)/SwiftGithubIssuesApp.app/SwiftGithubIssuesApp";
			};
			name = Debug;
		};
		A75BD5C423D37700002FE2CC /* Release */ = {
			isa = XCBuildConfiguration;
			baseConfigurationReference = EBE07F4C051B7F596CF6A37E /* Pods-SwiftGithubIssuesAppTests.release.xcconfig */;
			buildSettings = {
				ALWAYS_EMBED_SWIFT_STANDARD_LIBRARIES = YES;
				BUNDLE_LOADER = "$(TEST_HOST)";
				CODE_SIGN_STYLE = Automatic;
				DEVELOPMENT_TEAM = F229TZ6SP5;
				INFOPLIST_FILE = SwiftGithubIssuesAppTests/Info.plist;
				IPHONEOS_DEPLOYMENT_TARGET = 13.2;
				LD_RUNPATH_SEARCH_PATHS = (
					"$(inherited)",
					"@executable_path/Frameworks",
					"@loader_path/Frameworks",
				);
				PRODUCT_BUNDLE_IDENTIFIER = andersonlentz.SwiftGithubIssuesAppTests;
				PRODUCT_NAME = "$(TARGET_NAME)";
				SWIFT_VERSION = 5.0;
				TARGETED_DEVICE_FAMILY = "1,2";
				TEST_HOST = "$(BUILT_PRODUCTS_DIR)/SwiftGithubIssuesApp.app/SwiftGithubIssuesApp";
			};
			name = Release;
		};
/* End XCBuildConfiguration section */

/* Begin XCConfigurationList section */
		A75BD59B23D376FE002FE2CC /* Build configuration list for PBXProject "SwiftGithubIssuesApp" */ = {
			isa = XCConfigurationList;
			buildConfigurations = (
				A75BD5BD23D37700002FE2CC /* Debug */,
				A75BD5BE23D37700002FE2CC /* Release */,
			);
			defaultConfigurationIsVisible = 0;
			defaultConfigurationName = Release;
		};
		A75BD5BF23D37700002FE2CC /* Build configuration list for PBXNativeTarget "SwiftGithubIssuesApp" */ = {
			isa = XCConfigurationList;
			buildConfigurations = (
				A75BD5C023D37700002FE2CC /* Debug */,
				A75BD5C123D37700002FE2CC /* Release */,
			);
			defaultConfigurationIsVisible = 0;
			defaultConfigurationName = Release;
		};
		A75BD5C223D37700002FE2CC /* Build configuration list for PBXNativeTarget "SwiftGithubIssuesAppTests" */ = {
			isa = XCConfigurationList;
			buildConfigurations = (
				A75BD5C323D37700002FE2CC /* Debug */,
				A75BD5C423D37700002FE2CC /* Release */,
			);
			defaultConfigurationIsVisible = 0;
			defaultConfigurationName = Release;
		};
/* End XCConfigurationList section */
	};
	rootObject = A75BD59823D376FE002FE2CC /* Project object */;
}
